
Microsoft Visual Studio Solution File, Format Version 12.00
# Visual Studio Version 16
VisualStudioVersion = 16.0.30717.126
MinimumVisualStudioVersion = 10.0.40219.1
Project("{FAE04EC0-301F-11D3-BF4B-00C04F79EFBC}") = "Piet IDE", "Piet IDE\Piet IDE.csproj", "{0EAC94B0-E920-4935-9335-8CAF4B3D259F}"
EndProject
Project("{FAE04EC0-301F-11D3-BF4B-00C04F79EFBC}") = "PietExecutor", "PietExecutor\PietExecutor.csproj", "{68C42296-C6FC-4B79-B4BF-3B8BDD8DBFEA}"
EndProject
Global
	GlobalSection(SolutionConfigurationPlatforms) = preSolution
		Debug|Any CPU = Debug|Any CPU
		Release|Any CPU = Release|Any CPU
	EndGlobalSection
	GlobalSection(ProjectConfigurationPlatforms) = postSolution
		{0EAC94B0-E920-4935-9335-8CAF4B3D259F}.Debug|Any CPU.ActiveCfg = Debug|Any CPU
		{0EAC94B0-E920-4935-9335-8CAF4B3D259F}.Debug|Any CPU.Build.0 = Debug|Any CPU
		{0EAC94B0-E920-4935-9335-8CAF4B3D259F}.Release|Any CPU.ActiveCfg = Release|Any CPU
		{0EAC94B0-E920-4935-9335-8CAF4B3D259F}.Release|Any CPU.Build.0 = Release|Any CPU
		{68C42296-C6FC-4B79-B4BF-3B8BDD8DBFEA}.Debug|Any CPU.ActiveCfg = Debug|Any CPU
		{68C42296-C6FC-4B79-B4BF-3B8BDD8DBFEA}.Debug|Any CPU.Build.0 = Debug|Any CPU
		{68C42296-C6FC-4B79-B4BF-3B8BDD8DBFEA}.Release|Any CPU.ActiveCfg = Release|Any CPU
		{68C42296-C6FC-4B79-B4BF-3B8BDD8DBFEA}.Release|Any CPU.Build.0 = Release|Any CPU
	EndGlobalSection
	GlobalSection(SolutionProperties) = preSolution
		HideSolutionNode = FALSE
	EndGlobalSection
	GlobalSection(ExtensibilityGlobals) = postSolution
		SolutionGuid = {E5115A5F-818E-4B08-AFB1-B56C9DA4B722}
	EndGlobalSection
EndGlobal
